
Microsoft Visual Studio Solution File, Format Version 12.00
# Visual Studio Version 17
VisualStudioVersion = 17.11.35312.102
MinimumVisualStudioVersion = 10.0.40219.1
Project("{FAE04EC0-301F-11D3-BF4B-00C04F79EFBC}") = "lpr21oop2", "lpr21oop2.csproj", "{D2F89D20-8188-4002-BFE2-6447C7656A8F}"
EndProject
Global
	GlobalSection(SolutionConfigurationPlatforms) = preSolution
		Debug|Any CPU = Debug|Any CPU
		Release|Any CPU = Release|Any CPU
	EndGlobalSection
	GlobalSection(ProjectConfigurationPlatforms) = postSolution
		{D2F89D20-8188-4002-BFE2-6447C7656A8F}.Debug|Any CPU.ActiveCfg = Debug|Any CPU
		{D2F89D20-8188-4002-BFE2-6447C7656A8F}.Debug|Any CPU.Build.0 = Debug|Any CPU
		{D2F89D20-8188-4002-BFE2-6447C7656A8F}.Release|Any CPU.ActiveCfg = Release|Any CPU
		{D2F89D20-8188-4002-BFE2-6447C7656A8F}.Release|Any CPU.Build.0 = Release|Any CPU
	EndGlobalSection
	GlobalSection(SolutionProperties) = preSolution
		HideSolutionNode = FALSE
	EndGlobalSection
	GlobalSection(ExtensibilityGlobals) = postSolution
		SolutionGuid = {CCF2242A-918A-424C-B1C1-F53A03438946}
	EndGlobalSection
EndGlobal
